
Microsoft Visual Studio Solution File, Format Version 12.00
# Visual Studio Version 17
VisualStudioVersion = 17.7.34031.279
MinimumVisualStudioVersion = 10.0.40219.1
Project("{FAE04EC0-301F-11D3-BF4B-00C04F79EFBC}") = "Class1FollowAlong", "Class1FollowAlong.csproj", "{94BCD649-A0A2-4B67-A58E-EE1844977C60}"
EndProject
Global
	GlobalSection(SolutionConfigurationPlatforms) = preSolution
		Debug|Any CPU = Debug|Any CPU
		Release|Any CPU = Release|Any CPU
	EndGlobalSection
	GlobalSection(ProjectConfigurationPlatforms) = postSolution
		{94BCD649-A0A2-4B67-A58E-EE1844977C60}.Debug|Any CPU.ActiveCfg = Debug|Any CPU
		{94BCD649-A0A2-4B67-A58E-EE1844977C60}.Debug|Any CPU.Build.0 = Debug|Any CPU
		{94BCD649-A0A2-4B67-A58E-EE1844977C60}.Release|Any CPU.ActiveCfg = Release|Any CPU
		{94BCD649-A0A2-4B67-A58E-EE1844977C60}.Release|Any CPU.Build.0 = Release|Any CPU
	EndGlobalSection
	GlobalSection(SolutionProperties) = preSolution
		HideSolutionNode = FALSE
	EndGlobalSection
	GlobalSection(ExtensibilityGlobals) = postSolution
		SolutionGuid = {8A9C960B-AEE5-4272-B3D4-C659D9782633}
	EndGlobalSection
EndGlobal
